
Microsoft Visual Studio Solution File, Format Version 12.00
# Visual Studio Version 16
VisualStudioVersion = 16.0.30002.166
MinimumVisualStudioVersion = 10.0.40219.1
Project("{FAE04EC0-301F-11D3-BF4B-00C04F79EFBC}") = "HimawariWebImagesCollector", "HimawariWebImagesCollector\HimawariWebImagesCollector.csproj", "{8516DCD4-E548-44B2-8042-8B98F09B5233}"
EndProject
Project("{FAE04EC0-301F-11D3-BF4B-00C04F79EFBC}") = "HwicUnitTestings", "HwicUnitTestings\HwicUnitTestings.csproj", "{FA274A52-9932-47BD-8C26-5A73CCAD9E88}"
EndProject
Global
	GlobalSection(SolutionConfigurationPlatforms) = preSolution
		Debug|Any CPU = Debug|Any CPU
		Release|Any CPU = Release|Any CPU
	EndGlobalSection
	GlobalSection(ProjectConfigurationPlatforms) = postSolution
		{8516DCD4-E548-44B2-8042-8B98F09B5233}.Debug|Any CPU.ActiveCfg = Debug|Any CPU
		{8516DCD4-E548-44B2-8042-8B98F09B5233}.Debug|Any CPU.Build.0 = Debug|Any CPU
		{8516DCD4-E548-44B2-8042-8B98F09B5233}.Release|Any CPU.ActiveCfg = Release|Any CPU
		{8516DCD4-E548-44B2-8042-8B98F09B5233}.Release|Any CPU.Build.0 = Release|Any CPU
		{FA274A52-9932-47BD-8C26-5A73CCAD9E88}.Debug|Any CPU.ActiveCfg = Debug|Any CPU
		{FA274A52-9932-47BD-8C26-5A73CCAD9E88}.Debug|Any CPU.Build.0 = Debug|Any CPU
		{FA274A52-9932-47BD-8C26-5A73CCAD9E88}.Release|Any CPU.ActiveCfg = Release|Any CPU
		{FA274A52-9932-47BD-8C26-5A73CCAD9E88}.Release|Any CPU.Build.0 = Release|Any CPU
	EndGlobalSection
	GlobalSection(SolutionProperties) = preSolution
		HideSolutionNode = FALSE
	EndGlobalSection
	GlobalSection(ExtensibilityGlobals) = postSolution
		SolutionGuid = {7140DC3E-FE1D-4EC5-81FB-5919EB669908}
	EndGlobalSection
EndGlobal
